
Microsoft Visual Studio Solution File, Format Version 12.00
# Visual Studio Version 17
VisualStudioVersion = 17.4.33403.182
MinimumVisualStudioVersion = 10.0.40219.1
Project("{9A19103F-16F7-4668-BE54-9A1E7A4F7556}") = "CommandArgsConsoleApp1", "CommandArgsConsoleApp1\CommandArgsConsoleApp1.csproj", "{8B347D03-2E00-43E4-A8BF-D3FFA94E9751}"
EndProject
Project("{9A19103F-16F7-4668-BE54-9A1E7A4F7556}") = "CommandArgsConsoleApp2", "CommandArgsConsoleApp2\CommandArgsConsoleApp2.csproj", "{E8FFFE41-DB45-46B6-9C58-61BB8C5384A7}"
EndProject
Project("{2150E333-8FDC-42A3-9474-1A3956D46DE8}") = "Solution Items", "Solution Items", "{A2D079D0-F829-4344-8FE6-A2DEEA605D85}"
	ProjectSection(SolutionItems) = preProject
		dotnet-t4.md = dotnet-t4.md
		logDatabaseSchema.sql = logDatabaseSchema.sql
		powers.md = powers.md
		powers.tt = powers.tt
		readme.md = readme.md
	EndProjectSection
EndProject
Project("{9A19103F-16F7-4668-BE54-9A1E7A4F7556}") = "CommandArgsConsoleAppHelp", "CommandArgsConsoleAppHelp\CommandArgsConsoleAppHelp.csproj", "{B8F489FD-06A8-484A-AB0E-8475CABEEC0E}"
EndProject
Project("{9A19103F-16F7-4668-BE54-9A1E7A4F7556}") = "CommandArgsConsoleSubCommands", "CommandArgsConsoleSubCommands\CommandArgsConsoleSubCommands.csproj", "{843AAA94-A772-4434-9B9F-930366D27618}"
EndProject
Project("{2150E333-8FDC-42A3-9474-1A3956D46DE8}") = "Samples", "Samples", "{408D23FA-3612-4C46-ABCF-D802E705EA3F}"
EndProject
Project("{9A19103F-16F7-4668-BE54-9A1E7A4F7556}") = "Holidays", "Holidays\Holidays.csproj", "{50183F32-D88B-43E5-ACFD-DE064ACA6DD4}"
EndProject
Project("{9A19103F-16F7-4668-BE54-9A1E7A4F7556}") = "DirectoryCount", "DirectoryCount\DirectoryCount.csproj", "{EE270D48-7814-4A8D-8988-B07E1897F26E}"
EndProject
Project("{2150E333-8FDC-42A3-9474-1A3956D46DE8}") = "Starter templates", "Starter templates", "{0B4FD6EF-5E95-434E-8D28-F98BCDBA5E3D}"
EndProject
Project("{2150E333-8FDC-42A3-9474-1A3956D46DE8}") = "CommandLine", "CommandLine", "{E04AFF68-9BCD-4E02-A1DE-E1343A3FC3CD}"
EndProject
Project("{2150E333-8FDC-42A3-9474-1A3956D46DE8}") = "CommandLineParser", "CommandLineParser", "{5FCC3BBD-2C56-4BDB-8036-91C221AD150A}"
EndProject
Project("{9A19103F-16F7-4668-BE54-9A1E7A4F7556}") = "GetDirFileCount", "GetDirFileCount\GetDirFileCount.csproj", "{5901830F-9550-49D8-A685-3B8F2E65D41D}"
EndProject
Project("{2150E333-8FDC-42A3-9474-1A3956D46DE8}") = "Base templates", "Base templates", "{2DA52BFF-EC84-40AF-B9B8-CCE50A249A49}"
EndProject
Project("{9A19103F-16F7-4668-BE54-9A1E7A4F7556}") = "KP_CommandLineBase", "KP_CommandLineBase\KP_CommandLineBase.csproj", "{88C1DD8D-E1A8-4854-AABD-4D7B3EADC8A7}"
EndProject
Project("{2150E333-8FDC-42A3-9474-1A3956D46DE8}") = "Utilities", "Utilities", "{2E49A5AA-0938-4449-89EB-EBDAA08FD935}"
EndProject
Project("{9A19103F-16F7-4668-BE54-9A1E7A4F7556}") = "UpdateBootstrapApp", "UpdateBootstrapApp\UpdateBootstrapApp.csproj", "{C27FD3C8-E181-47EF-A361-D4C31B4699BE}"
EndProject
Project("{9A19103F-16F7-4668-BE54-9A1E7A4F7556}") = "LoginConsoleApp", "LoginConsoleApp\LoginConsoleApp.csproj", "{8BCE2BBC-F2FC-401A-B948-30F1FD0ADEDD}"
EndProject
Project("{9A19103F-16F7-4668-BE54-9A1E7A4F7556}") = "Shortcuts", "Shortcuts\Shortcuts.csproj", "{88E5F0C9-93FB-4BC7-AA3D-341B09787E23}"
EndProject
Project("{9A19103F-16F7-4668-BE54-9A1E7A4F7556}") = "SqlServerColumnDescriptions", "SqlServerColumnDescriptions\SqlServerColumnDescriptions.csproj", "{AAFE4B18-AC3D-4FBE-AF6B-5ACB4FFD9A5D}"
EndProject
Project("{9A19103F-16F7-4668-BE54-9A1E7A4F7556}") = "SqlServerIndices", "SqlServerIndices\SqlServerIndices.csproj", "{1D013802-6310-486B-BBAB-88F9DB38723F}"
EndProject
Project("{9A19103F-16F7-4668-BE54-9A1E7A4F7556}") = "PaynePromptForUserNamePassword", "PaynePromptForUserNamePassword\PaynePromptForUserNamePassword.csproj", "{E6A0B6F0-F3AF-44D5-B323-DBDBE3362E71}"
EndProject
Project("{9A19103F-16F7-4668-BE54-9A1E7A4F7556}") = "MarkOfTheWeb", "MarkOfTheWeb\MarkOfTheWeb.csproj", "{41D170A4-6883-47C7-9425-8D63019AA343}"
EndProject
Project("{FAE04EC0-301F-11D3-BF4B-00C04F79EFBC}") = "WebApplication1", "WebApplication1\WebApplication1.csproj", "{2C83AF6D-30C0-4F8F-8CE5-90454BFB6872}"
EndProject
Global
	GlobalSection(SolutionConfigurationPlatforms) = preSolution
		Debug|Any CPU = Debug|Any CPU
		Release|Any CPU = Release|Any CPU
	EndGlobalSection
	GlobalSection(ProjectConfigurationPlatforms) = postSolution
		{8B347D03-2E00-43E4-A8BF-D3FFA94E9751}.Debug|Any CPU.ActiveCfg = Debug|Any CPU
		{8B347D03-2E00-43E4-A8BF-D3FFA94E9751}.Debug|Any CPU.Build.0 = Debug|Any CPU
		{8B347D03-2E00-43E4-A8BF-D3FFA94E9751}.Release|Any CPU.ActiveCfg = Release|Any CPU
		{8B347D03-2E00-43E4-A8BF-D3FFA94E9751}.Release|Any CPU.Build.0 = Release|Any CPU
		{E8FFFE41-DB45-46B6-9C58-61BB8C5384A7}.Debug|Any CPU.ActiveCfg = Debug|Any CPU
		{E8FFFE41-DB45-46B6-9C58-61BB8C5384A7}.Debug|Any CPU.Build.0 = Debug|Any CPU
		{E8FFFE41-DB45-46B6-9C58-61BB8C5384A7}.Release|Any CPU.ActiveCfg = Release|Any CPU
		{E8FFFE41-DB45-46B6-9C58-61BB8C5384A7}.Release|Any CPU.Build.0 = Release|Any CPU
		{B8F489FD-06A8-484A-AB0E-8475CABEEC0E}.Debug|Any CPU.ActiveCfg = Debug|Any CPU
		{B8F489FD-06A8-484A-AB0E-8475CABEEC0E}.Debug|Any CPU.Build.0 = Debug|Any CPU
		{B8F489FD-06A8-484A-AB0E-8475CABEEC0E}.Release|Any CPU.ActiveCfg = Release|Any CPU
		{B8F489FD-06A8-484A-AB0E-8475CABEEC0E}.Release|Any CPU.Build.0 = Release|Any CPU
		{843AAA94-A772-4434-9B9F-930366D27618}.Debug|Any CPU.ActiveCfg = Debug|Any CPU
		{843AAA94-A772-4434-9B9F-930366D27618}.Debug|Any CPU.Build.0 = Debug|Any CPU
		{843AAA94-A772-4434-9B9F-930366D27618}.Release|Any CPU.ActiveCfg = Release|Any CPU
		{843AAA94-A772-4434-9B9F-930366D27618}.Release|Any CPU.Build.0 = Release|Any CPU
		{50183F32-D88B-43E5-ACFD-DE064ACA6DD4}.Debug|Any CPU.ActiveCfg = Debug|Any CPU
		{50183F32-D88B-43E5-ACFD-DE064ACA6DD4}.Debug|Any CPU.Build.0 = Debug|Any CPU
		{50183F32-D88B-43E5-ACFD-DE064ACA6DD4}.Release|Any CPU.ActiveCfg = Release|Any CPU
		{50183F32-D88B-43E5-ACFD-DE064ACA6DD4}.Release|Any CPU.Build.0 = Release|Any CPU
		{EE270D48-7814-4A8D-8988-B07E1897F26E}.Debug|Any CPU.ActiveCfg = Debug|Any CPU
		{EE270D48-7814-4A8D-8988-B07E1897F26E}.Debug|Any CPU.Build.0 = Debug|Any CPU
		{EE270D48-7814-4A8D-8988-B07E1897F26E}.Release|Any CPU.ActiveCfg = Release|Any CPU
		{EE270D48-7814-4A8D-8988-B07E1897F26E}.Release|Any CPU.Build.0 = Release|Any CPU
		{5901830F-9550-49D8-A685-3B8F2E65D41D}.Debug|Any CPU.ActiveCfg = Debug|Any CPU
		{5901830F-9550-49D8-A685-3B8F2E65D41D}.Debug|Any CPU.Build.0 = Debug|Any CPU
		{5901830F-9550-49D8-A685-3B8F2E65D41D}.Release|Any CPU.ActiveCfg = Release|Any CPU
		{5901830F-9550-49D8-A685-3B8F2E65D41D}.Release|Any CPU.Build.0 = Release|Any CPU
		{88C1DD8D-E1A8-4854-AABD-4D7B3EADC8A7}.Debug|Any CPU.ActiveCfg = Debug|Any CPU
		{88C1DD8D-E1A8-4854-AABD-4D7B3EADC8A7}.Debug|Any CPU.Build.0 = Debug|Any CPU
		{88C1DD8D-E1A8-4854-AABD-4D7B3EADC8A7}.Release|Any CPU.ActiveCfg = Release|Any CPU
		{88C1DD8D-E1A8-4854-AABD-4D7B3EADC8A7}.Release|Any CPU.Build.0 = Release|Any CPU
		{C27FD3C8-E181-47EF-A361-D4C31B4699BE}.Debug|Any CPU.ActiveCfg = Debug|Any CPU
		{C27FD3C8-E181-47EF-A361-D4C31B4699BE}.Debug|Any CPU.Build.0 = Debug|Any CPU
		{C27FD3C8-E181-47EF-A361-D4C31B4699BE}.Release|Any CPU.ActiveCfg = Release|Any CPU
		{C27FD3C8-E181-47EF-A361-D4C31B4699BE}.Release|Any CPU.Build.0 = Release|Any CPU
		{8BCE2BBC-F2FC-401A-B948-30F1FD0ADEDD}.Debug|Any CPU.ActiveCfg = Debug|Any CPU
		{8BCE2BBC-F2FC-401A-B948-30F1FD0ADEDD}.Debug|Any CPU.Build.0 = Debug|Any CPU
		{8BCE2BBC-F2FC-401A-B948-30F1FD0ADEDD}.Release|Any CPU.ActiveCfg = Release|Any CPU
		{8BCE2BBC-F2FC-401A-B948-30F1FD0ADEDD}.Release|Any CPU.Build.0 = Release|Any CPU
		{88E5F0C9-93FB-4BC7-AA3D-341B09787E23}.Debug|Any CPU.ActiveCfg = Debug|Any CPU
		{88E5F0C9-93FB-4BC7-AA3D-341B09787E23}.Debug|Any CPU.Build.0 = Debug|Any CPU
		{88E5F0C9-93FB-4BC7-AA3D-341B09787E23}.Release|Any CPU.ActiveCfg = Release|Any CPU
		{88E5F0C9-93FB-4BC7-AA3D-341B09787E23}.Release|Any CPU.Build.0 = Release|Any CPU
		{AAFE4B18-AC3D-4FBE-AF6B-5ACB4FFD9A5D}.Debug|Any CPU.ActiveCfg = Debug|Any CPU
		{AAFE4B18-AC3D-4FBE-AF6B-5ACB4FFD9A5D}.Debug|Any CPU.Build.0 = Debug|Any CPU
		{AAFE4B18-AC3D-4FBE-AF6B-5ACB4FFD9A5D}.Release|Any CPU.ActiveCfg = Release|Any CPU
		{AAFE4B18-AC3D-4FBE-AF6B-5ACB4FFD9A5D}.Release|Any CPU.Build.0 = Release|Any CPU
		{1D013802-6310-486B-BBAB-88F9DB38723F}.Debug|Any CPU.ActiveCfg = Debug|Any CPU
		{1D013802-6310-486B-BBAB-88F9DB38723F}.Debug|Any CPU.Build.0 = Debug|Any CPU
		{1D013802-6310-486B-BBAB-88F9DB38723F}.Release|Any CPU.ActiveCfg = Release|Any CPU
		{1D013802-6310-486B-BBAB-88F9DB38723F}.Release|Any CPU.Build.0 = Release|Any CPU
		{E6A0B6F0-F3AF-44D5-B323-DBDBE3362E71}.Debug|Any CPU.ActiveCfg = Debug|Any CPU
		{E6A0B6F0-F3AF-44D5-B323-DBDBE3362E71}.Debug|Any CPU.Build.0 = Debug|Any CPU
		{E6A0B6F0-F3AF-44D5-B323-DBDBE3362E71}.Release|Any CPU.ActiveCfg = Release|Any CPU
		{E6A0B6F0-F3AF-44D5-B323-DBDBE3362E71}.Release|Any CPU.Build.0 = Release|Any CPU
		{41D170A4-6883-47C7-9425-8D63019AA343}.Debug|Any CPU.ActiveCfg = Debug|Any CPU
		{41D170A4-6883-47C7-9425-8D63019AA343}.Debug|Any CPU.Build.0 = Debug|Any CPU
		{41D170A4-6883-47C7-9425-8D63019AA343}.Release|Any CPU.ActiveCfg = Release|Any CPU
		{41D170A4-6883-47C7-9425-8D63019AA343}.Release|Any CPU.Build.0 = Release|Any CPU
		{2C83AF6D-30C0-4F8F-8CE5-90454BFB6872}.Debug|Any CPU.ActiveCfg = Debug|Any CPU
		{2C83AF6D-30C0-4F8F-8CE5-90454BFB6872}.Debug|Any CPU.Build.0 = Debug|Any CPU
		{2C83AF6D-30C0-4F8F-8CE5-90454BFB6872}.Release|Any CPU.ActiveCfg = Release|Any CPU
		{2C83AF6D-30C0-4F8F-8CE5-90454BFB6872}.Release|Any CPU.Build.0 = Release|Any CPU
	EndGlobalSection
	GlobalSection(SolutionProperties) = preSolution
		HideSolutionNode = FALSE
	EndGlobalSection
	GlobalSection(NestedProjects) = preSolution
		{8B347D03-2E00-43E4-A8BF-D3FFA94E9751} = {0B4FD6EF-5E95-434E-8D28-F98BCDBA5E3D}
		{E8FFFE41-DB45-46B6-9C58-61BB8C5384A7} = {0B4FD6EF-5E95-434E-8D28-F98BCDBA5E3D}
		{B8F489FD-06A8-484A-AB0E-8475CABEEC0E} = {0B4FD6EF-5E95-434E-8D28-F98BCDBA5E3D}
		{843AAA94-A772-4434-9B9F-930366D27618} = {0B4FD6EF-5E95-434E-8D28-F98BCDBA5E3D}
		{408D23FA-3612-4C46-ABCF-D802E705EA3F} = {E04AFF68-9BCD-4E02-A1DE-E1343A3FC3CD}
		{50183F32-D88B-43E5-ACFD-DE064ACA6DD4} = {408D23FA-3612-4C46-ABCF-D802E705EA3F}
		{EE270D48-7814-4A8D-8988-B07E1897F26E} = {408D23FA-3612-4C46-ABCF-D802E705EA3F}
		{0B4FD6EF-5E95-434E-8D28-F98BCDBA5E3D} = {E04AFF68-9BCD-4E02-A1DE-E1343A3FC3CD}
		{5901830F-9550-49D8-A685-3B8F2E65D41D} = {5FCC3BBD-2C56-4BDB-8036-91C221AD150A}
		{2DA52BFF-EC84-40AF-B9B8-CCE50A249A49} = {E04AFF68-9BCD-4E02-A1DE-E1343A3FC3CD}
		{88C1DD8D-E1A8-4854-AABD-4D7B3EADC8A7} = {2DA52BFF-EC84-40AF-B9B8-CCE50A249A49}
		{C27FD3C8-E181-47EF-A361-D4C31B4699BE} = {2E49A5AA-0938-4449-89EB-EBDAA08FD935}
		{8BCE2BBC-F2FC-401A-B948-30F1FD0ADEDD} = {408D23FA-3612-4C46-ABCF-D802E705EA3F}
		{88E5F0C9-93FB-4BC7-AA3D-341B09787E23} = {2E49A5AA-0938-4449-89EB-EBDAA08FD935}
		{AAFE4B18-AC3D-4FBE-AF6B-5ACB4FFD9A5D} = {408D23FA-3612-4C46-ABCF-D802E705EA3F}
		{1D013802-6310-486B-BBAB-88F9DB38723F} = {408D23FA-3612-4C46-ABCF-D802E705EA3F}
		{E6A0B6F0-F3AF-44D5-B323-DBDBE3362E71} = {5FCC3BBD-2C56-4BDB-8036-91C221AD150A}
		{41D170A4-6883-47C7-9425-8D63019AA343} = {5FCC3BBD-2C56-4BDB-8036-91C221AD150A}
	EndGlobalSection
	GlobalSection(ExtensibilityGlobals) = postSolution
		SolutionGuid = {2ACBF010-A721-48C0-A709-B178C29A8464}
	EndGlobalSection
EndGlobal
