
Microsoft Visual Studio Solution File, Format Version 12.00
# Visual Studio Version 17
VisualStudioVersion = 17.4.33403.182
MinimumVisualStudioVersion = 10.0.40219.1
Project("{9A19103F-16F7-4668-BE54-9A1E7A4F7556}") = "CommandArgsConsoleApp1", "CommandArgsConsoleApp1\CommandArgsConsoleApp1.csproj", "{8B347D03-2E00-43E4-A8BF-D3FFA94E9751}"
EndProject
Project("{9A19103F-16F7-4668-BE54-9A1E7A4F7556}") = "CommandArgsConsoleApp2", "CommandArgsConsoleApp2\CommandArgsConsoleApp2.csproj", "{E8FFFE41-DB45-46B6-9C58-61BB8C5384A7}"
EndProject
Project("{2150E333-8FDC-42A3-9474-1A3956D46DE8}") = "Solution Items", "Solution Items", "{A2D079D0-F829-4344-8FE6-A2DEEA605D85}"
	ProjectSection(SolutionItems) = preProject
		logDatabaseSchema.sql = logDatabaseSchema.sql
		readme.md = readme.md
	EndProjectSection
EndProject
Project("{FAE04EC0-301F-11D3-BF4B-00C04F79EFBC}") = "CommandArgsConsoleAppHelp", "CommandArgsConsoleAppHelp\CommandArgsConsoleAppHelp.csproj", "{4C649437-A218-4D8A-B087-A16861A3D2FD}"
EndProject
Global
	GlobalSection(SolutionConfigurationPlatforms) = preSolution
		Debug|Any CPU = Debug|Any CPU
		Release|Any CPU = Release|Any CPU
	EndGlobalSection
	GlobalSection(ProjectConfigurationPlatforms) = postSolution
		{8B347D03-2E00-43E4-A8BF-D3FFA94E9751}.Debug|Any CPU.ActiveCfg = Debug|Any CPU
		{8B347D03-2E00-43E4-A8BF-D3FFA94E9751}.Debug|Any CPU.Build.0 = Debug|Any CPU
		{8B347D03-2E00-43E4-A8BF-D3FFA94E9751}.Release|Any CPU.ActiveCfg = Release|Any CPU
		{8B347D03-2E00-43E4-A8BF-D3FFA94E9751}.Release|Any CPU.Build.0 = Release|Any CPU
		{E8FFFE41-DB45-46B6-9C58-61BB8C5384A7}.Debug|Any CPU.ActiveCfg = Debug|Any CPU
		{E8FFFE41-DB45-46B6-9C58-61BB8C5384A7}.Debug|Any CPU.Build.0 = Debug|Any CPU
		{E8FFFE41-DB45-46B6-9C58-61BB8C5384A7}.Release|Any CPU.ActiveCfg = Release|Any CPU
		{E8FFFE41-DB45-46B6-9C58-61BB8C5384A7}.Release|Any CPU.Build.0 = Release|Any CPU
		{4C649437-A218-4D8A-B087-A16861A3D2FD}.Debug|Any CPU.ActiveCfg = Debug|Any CPU
		{4C649437-A218-4D8A-B087-A16861A3D2FD}.Debug|Any CPU.Build.0 = Debug|Any CPU
		{4C649437-A218-4D8A-B087-A16861A3D2FD}.Release|Any CPU.ActiveCfg = Release|Any CPU
		{4C649437-A218-4D8A-B087-A16861A3D2FD}.Release|Any CPU.Build.0 = Release|Any CPU
	EndGlobalSection
	GlobalSection(SolutionProperties) = preSolution
		HideSolutionNode = FALSE
	EndGlobalSection
	GlobalSection(ExtensibilityGlobals) = postSolution
		SolutionGuid = {2ACBF010-A721-48C0-A709-B178C29A8464}
	EndGlobalSection
EndGlobal
